// !$*UTF8*$!
{
	archiveVersion = 1;
	classes = {
	};
	objectVersion = 50;
	objects = {

/* Begin PBXBuildFile section */
		D937E3212587AA7D0079575B /* AppDelegate.swift in Sources */ = {isa = PBXBuildFile; fileRef = D937E3202587AA7D0079575B /* AppDelegate.swift */; };
		D937E3232587AA7D0079575B /* SceneDelegate.swift in Sources */ = {isa = PBXBuildFile; fileRef = D937E3222587AA7D0079575B /* SceneDelegate.swift */; };
		D937E3252587AA7D0079575B /* LogInVC.swift in Sources */ = {isa = PBXBuildFile; fileRef = D937E3242587AA7D0079575B /* LogInVC.swift */; };
		D937E3282587AA7D0079575B /* Main.storyboard in Resources */ = {isa = PBXBuildFile; fileRef = D937E3262587AA7D0079575B /* Main.storyboard */; };
		D937E32A2587AA7E0079575B /* Assets.xcassets in Resources */ = {isa = PBXBuildFile; fileRef = D937E3292587AA7E0079575B /* Assets.xcassets */; };
		D937E32D2587AA7E0079575B /* LaunchScreen.storyboard in Resources */ = {isa = PBXBuildFile; fileRef = D937E32B2587AA7E0079575B /* LaunchScreen.storyboard */; };
		D937E3382587B1F20079575B /* User.swift in Sources */ = {isa = PBXBuildFile; fileRef = D937E3372587B1F20079575B /* User.swift */; };
		D937E33B2587B2100079575B /* Stoarge.swift in Sources */ = {isa = PBXBuildFile; fileRef = D937E33A2587B2100079575B /* Stoarge.swift */; };
		D995DD8F2589D95700D35614 /* AuthorizationService.swift in Sources */ = {isa = PBXBuildFile; fileRef = D995DD8E2589D95700D35614 /* AuthorizationService.swift */; };
		D995DD922589D96100D35614 /* BettingSystem.swift in Sources */ = {isa = PBXBuildFile; fileRef = D995DD912589D96100D35614 /* BettingSystem.swift */; };
		D995DD952589DB7300D35614 /* Extension+Core.swift in Sources */ = {isa = PBXBuildFile; fileRef = D995DD942589DB7300D35614 /* Extension+Core.swift */; };
		D995DD982589DCBF00D35614 /* Storyboard.swift in Sources */ = {isa = PBXBuildFile; fileRef = D995DD972589DCBF00D35614 /* Storyboard.swift */; };
		D995DD9F2589E40C00D35614 /* RegisterVC.swift in Sources */ = {isa = PBXBuildFile; fileRef = D995DD9E2589E40C00D35614 /* RegisterVC.swift */; };
		D995DDA22589E94400D35614 /* TextField.swift in Sources */ = {isa = PBXBuildFile; fileRef = D995DDA12589E94400D35614 /* TextField.swift */; };
/* End PBXBuildFile section */

/* Begin PBXFileReference section */
		D937E31D2587AA7D0079575B /* Homework2.app */ = {isa = PBXFileReference; explicitFileType = wrapper.application; includeInIndex = 0; path = Homework2.app; sourceTree = BUILT_PRODUCTS_DIR; };
		D937E3202587AA7D0079575B /* AppDelegate.swift */ = {isa = PBXFileReference; lastKnownFileType = sourcecode.swift; path = AppDelegate.swift; sourceTree = "<group>"; };
		D937E3222587AA7D0079575B /* SceneDelegate.swift */ = {isa = PBXFileReference; lastKnownFileType = sourcecode.swift; path = SceneDelegate.swift; sourceTree = "<group>"; };
		D937E3242587AA7D0079575B /* LogInVC.swift */ = {isa = PBXFileReference; lastKnownFileType = sourcecode.swift; path = LogInVC.swift; sourceTree = "<group>"; };
		D937E3272587AA7D0079575B /* Base */ = {isa = PBXFileReference; lastKnownFileType = file.storyboard; name = Base; path = Base.lproj/Main.storyboard; sourceTree = "<group>"; };
		D937E3292587AA7E0079575B /* Assets.xcassets */ = {isa = PBXFileReference; lastKnownFileType = folder.assetcatalog; path = Assets.xcassets; sourceTree = "<group>"; };
		D937E32C2587AA7E0079575B /* Base */ = {isa = PBXFileReference; lastKnownFileType = file.storyboard; name = Base; path = Base.lproj/LaunchScreen.storyboard; sourceTree = "<group>"; };
		D937E32E2587AA7E0079575B /* Info.plist */ = {isa = PBXFileReference; lastKnownFileType = text.plist.xml; path = Info.plist; sourceTree = "<group>"; };
		D937E3372587B1F20079575B /* User.swift */ = {isa = PBXFileReference; lastKnownFileType = sourcecode.swift; path = User.swift; sourceTree = "<group>"; };
		D937E33A2587B2100079575B /* Stoarge.swift */ = {isa = PBXFileReference; lastKnownFileType = sourcecode.swift; path = Stoarge.swift; sourceTree = "<group>"; };
		D995DD8E2589D95700D35614 /* AuthorizationService.swift */ = {isa = PBXFileReference; lastKnownFileType = sourcecode.swift; path = AuthorizationService.swift; sourceTree = "<group>"; };
		D995DD912589D96100D35614 /* BettingSystem.swift */ = {isa = PBXFileReference; lastKnownFileType = sourcecode.swift; path = BettingSystem.swift; sourceTree = "<group>"; };
		D995DD942589DB7300D35614 /* Extension+Core.swift */ = {isa = PBXFileReference; lastKnownFileType = sourcecode.swift; path = "Extension+Core.swift"; sourceTree = "<group>"; };
		D995DD972589DCBF00D35614 /* Storyboard.swift */ = {isa = PBXFileReference; lastKnownFileType = sourcecode.swift; path = Storyboard.swift; sourceTree = "<group>"; };
		D995DD9E2589E40C00D35614 /* RegisterVC.swift */ = {isa = PBXFileReference; lastKnownFileType = sourcecode.swift; path = RegisterVC.swift; sourceTree = "<group>"; };
		D995DDA12589E94400D35614 /* TextField.swift */ = {isa = PBXFileReference; lastKnownFileType = sourcecode.swift; path = TextField.swift; sourceTree = "<group>"; };
/* End PBXFileReference section */

/* Begin PBXFrameworksBuildPhase section */
		D937E31A2587AA7D0079575B /* Frameworks */ = {
			isa = PBXFrameworksBuildPhase;
			buildActionMask = 2147483647;
			files = (
			);
			runOnlyForDeploymentPostprocessing = 0;
		};
/* End PBXFrameworksBuildPhase section */

/* Begin PBXGroup section */
		D937E3142587AA7D0079575B = {
			isa = PBXGroup;
			children = (
				D937E31F2587AA7D0079575B /* Homework2 */,
				D937E31E2587AA7D0079575B /* Products */,
			);
			sourceTree = "<group>";
		};
		D937E31E2587AA7D0079575B /* Products */ = {
			isa = PBXGroup;
			children = (
				D937E31D2587AA7D0079575B /* Homework2.app */,
			);
			name = Products;
			sourceTree = "<group>";
		};
		D937E31F2587AA7D0079575B /* Homework2 */ = {
			isa = PBXGroup;
			children = (
				D995DD9A2589DD9500D35614 /* Services */,
				D995DD9B2589DD9D00D35614 /* Extension */,
				D937E3352587B1E20079575B /* Model */,
				D937E3202587AA7D0079575B /* AppDelegate.swift */,
				D937E3222587AA7D0079575B /* SceneDelegate.swift */,
				D995DD9C2589DDC000D35614 /* ViewControllers */,
				D937E3262587AA7D0079575B /* Main.storyboard */,
				D995DD972589DCBF00D35614 /* Storyboard.swift */,
				D937E3292587AA7E0079575B /* Assets.xcassets */,
				D937E32B2587AA7E0079575B /* LaunchScreen.storyboard */,
				D937E32E2587AA7E0079575B /* Info.plist */,
				D995DDA12589E94400D35614 /* TextField.swift */,
			);
			path = Homework2;
			sourceTree = "<group>";
		};
		D937E3352587B1E20079575B /* Model */ = {
			isa = PBXGroup;
			children = (
				D937E3372587B1F20079575B /* User.swift */,
			);
			path = Model;
			sourceTree = "<group>";
		};
		D995DD9A2589DD9500D35614 /* Services */ = {
			isa = PBXGroup;
			children = (
				D937E33A2587B2100079575B /* Stoarge.swift */,
				D995DD912589D96100D35614 /* BettingSystem.swift */,
				D995DD8E2589D95700D35614 /* AuthorizationService.swift */,
			);
			path = Services;
			sourceTree = "<group>";
		};
		D995DD9B2589DD9D00D35614 /* Extension */ = {
			isa = PBXGroup;
			children = (
				D995DD942589DB7300D35614 /* Extension+Core.swift */,
			);
			path = Extension;
			sourceTree = "<group>";
		};
		D995DD9C2589DDC000D35614 /* ViewControllers */ = {
			isa = PBXGroup;
			children = (
				D937E3242587AA7D0079575B /* LogInVC.swift */,
				D995DD9E2589E40C00D35614 /* RegisterVC.swift */,
			);
			path = ViewControllers;
			sourceTree = "<group>";
		};
/* End PBXGroup section */

/* Begin PBXNativeTarget section */
		D937E31C2587AA7D0079575B /* Homework2 */ = {
			isa = PBXNativeTarget;
			buildConfigurationList = D937E3312587AA7E0079575B /* Build configuration list for PBXNativeTarget "Homework2" */;
			buildPhases = (
				D937E3192587AA7D0079575B /* Sources */,
				D937E31A2587AA7D0079575B /* Frameworks */,
				D937E31B2587AA7D0079575B /* Resources */,
			);
			buildRules = (
			);
			dependencies = (
			);
			name = Homework2;
			productName = Homework2;
			productReference = D937E31D2587AA7D0079575B /* Homework2.app */;
			productType = "com.apple.product-type.application";
		};
/* End PBXNativeTarget section */

/* Begin PBXProject section */
		D937E3152587AA7D0079575B /* Project object */ = {
			isa = PBXProject;
			attributes = {
				LastSwiftUpdateCheck = 1200;
				LastUpgradeCheck = 1200;
				TargetAttributes = {
					D937E31C2587AA7D0079575B = {
						CreatedOnToolsVersion = 12.0.1;
					};
				};
			};
			buildConfigurationList = D937E3182587AA7D0079575B /* Build configuration list for PBXProject "Homework2" */;
			compatibilityVersion = "Xcode 9.3";
			developmentRegion = en;
			hasScannedForEncodings = 0;
			knownRegions = (
				en,
				Base,
			);
			mainGroup = D937E3142587AA7D0079575B;
			productRefGroup = D937E31E2587AA7D0079575B /* Products */;
			projectDirPath = "";
			projectRoot = "";
			targets = (
				D937E31C2587AA7D0079575B /* Homework2 */,
			);
		};
/* End PBXProject section */

/* Begin PBXResourcesBuildPhase section */
		D937E31B2587AA7D0079575B /* Resources */ = {
			isa = PBXResourcesBuildPhase;
			buildActionMask = 2147483647;
			files = (
				D937E32D2587AA7E0079575B /* LaunchScreen.storyboard in Resources */,
				D937E32A2587AA7E0079575B /* Assets.xcassets in Resources */,
				D937E3282587AA7D0079575B /* Main.storyboard in Resources */,
			);
			runOnlyForDeploymentPostprocessing = 0;
		};
/* End PBXResourcesBuildPhase section */

/* Begin PBXSourcesBuildPhase section */
		D937E3192587AA7D0079575B /* Sources */ = {
			isa = PBXSourcesBuildPhase;
			buildActionMask = 2147483647;
			files = (
				D995DD952589DB7300D35614 /* Extension+Core.swift in Sources */,
				D995DDA22589E94400D35614 /* TextField.swift in Sources */,
				D937E3382587B1F20079575B /* User.swift in Sources */,
				D937E3252587AA7D0079575B /* LogInVC.swift in Sources */,
				D937E33B2587B2100079575B /* Stoarge.swift in Sources */,
				D995DD922589D96100D35614 /* BettingSystem.swift in Sources */,
				D995DD8F2589D95700D35614 /* AuthorizationService.swift in Sources */,
				D937E3212587AA7D0079575B /* AppDelegate.swift in Sources */,
				D995DD982589DCBF00D35614 /* Storyboard.swift in Sources */,
				D937E3232587AA7D0079575B /* SceneDelegate.swift in Sources */,
				D995DD9F2589E40C00D35614 /* RegisterVC.swift in Sources */,
			);
			runOnlyForDeploymentPostprocessing = 0;
		};
/* End PBXSourcesBuildPhase section */

/* Begin PBXVariantGroup section */
		D937E3262587AA7D0079575B /* Main.storyboard */ = {
			isa = PBXVariantGroup;
			children = (
				D937E3272587AA7D0079575B /* Base */,
			);
			name = Main.storyboard;
			sourceTree = "<group>";
		};
		D937E32B2587AA7E0079575B /* LaunchScreen.storyboard */ = {
			isa = PBXVariantGroup;
			children = (
				D937E32C2587AA7E0079575B /* Base */,
			);
			name = LaunchScreen.storyboard;
			sourceTree = "<group>";
		};
/* End PBXVariantGroup section */

/* Begin XCBuildConfiguration section */
		D937E32F2587AA7E0079575B /* Debug */ = {
			isa = XCBuildConfiguration;
			buildSettings = {
				ALWAYS_SEARCH_USER_PATHS = NO;
				CLANG_ANALYZER_NONNULL = YES;
				CLANG_ANALYZER_NUMBER_OBJECT_CONVERSION = YES_AGGRESSIVE;
				CLANG_CXX_LANGUAGE_STANDARD = "gnu++14";
				CLANG_CXX_LIBRARY = "libc++";
				CLANG_ENABLE_MODULES = YES;
				CLANG_ENABLE_OBJC_ARC = YES;
				CLANG_ENABLE_OBJC_WEAK = YES;
				CLANG_WARN_BLOCK_CAPTURE_AUTORELEASING = YES;
				CLANG_WARN_BOOL_CONVERSION = YES;
				CLANG_WARN_COMMA = YES;
				CLANG_WARN_CONSTANT_CONVERSION = YES;
				CLANG_WARN_DEPRECATED_OBJC_IMPLEMENTATIONS = YES;
				CLANG_WARN_DIRECT_OBJC_ISA_USAGE = YES_ERROR;
				CLANG_WARN_DOCUMENTATION_COMMENTS = YES;
				CLANG_WARN_EMPTY_BODY = YES;
				CLANG_WARN_ENUM_CONVERSION = YES;
				CLANG_WARN_INFINITE_RECURSION = YES;
				CLANG_WARN_INT_CONVERSION = YES;
				CLANG_WARN_NON_LITERAL_NULL_CONVERSION = YES;
				CLANG_WARN_OBJC_IMPLICIT_RETAIN_SELF = YES;
				CLANG_WARN_OBJC_LITERAL_CONVERSION = YES;
				CLANG_WARN_OBJC_ROOT_CLASS = YES_ERROR;
				CLANG_WARN_QUOTED_INCLUDE_IN_FRAMEWORK_HEADER = YES;
				CLANG_WARN_RANGE_LOOP_ANALYSIS = YES;
				CLANG_WARN_STRICT_PROTOTYPES = YES;
				CLANG_WARN_SUSPICIOUS_MOVE = YES;
				CLANG_WARN_UNGUARDED_AVAILABILITY = YES_AGGRESSIVE;
				CLANG_WARN_UNREACHABLE_CODE = YES;
				CLANG_WARN__DUPLICATE_METHOD_MATCH = YES;
				COPY_PHASE_STRIP = NO;
				DEBUG_INFORMATION_FORMAT = dwarf;
				ENABLE_STRICT_OBJC_MSGSEND = YES;
				ENABLE_TESTABILITY = YES;
				GCC_C_LANGUAGE_STANDARD = gnu11;
				GCC_DYNAMIC_NO_PIC = NO;
				GCC_NO_COMMON_BLOCKS = YES;
				GCC_OPTIMIZATION_LEVEL = 0;
				GCC_PREPROCESSOR_DEFINITIONS = (
					"DEBUG=1",
					"$(inherited)",
				);
				GCC_WARN_64_TO_32_BIT_CONVERSION = YES;
				GCC_WARN_ABOUT_RETURN_TYPE = YES_ERROR;
				GCC_WARN_UNDECLARED_SELECTOR = YES;
				GCC_WARN_UNINITIALIZED_AUTOS = YES_AGGRESSIVE;
				GCC_WARN_UNUSED_FUNCTION = YES;
				GCC_WARN_UNUSED_VARIABLE = YES;
				IPHONEOS_DEPLOYMENT_TARGET = 14.0;
				MTL_ENABLE_DEBUG_INFO = INCLUDE_SOURCE;
				MTL_FAST_MATH = YES;
				ONLY_ACTIVE_ARCH = YES;
				SDKROOT = iphoneos;
				SWIFT_ACTIVE_COMPILATION_CONDITIONS = DEBUG;
				SWIFT_OPTIMIZATION_LEVEL = "-Onone";
			};
			name = Debug;
		};
		D937E3302587AA7E0079575B /* Release */ = {
			isa = XCBuildConfiguration;
			buildSettings = {
				ALWAYS_SEARCH_USER_PATHS = NO;
				CLANG_ANALYZER_NONNULL = YES;
				CLANG_ANALYZER_NUMBER_OBJECT_CONVERSION = YES_AGGRESSIVE;
				CLANG_CXX_LANGUAGE_STANDARD = "gnu++14";
				CLANG_CXX_LIBRARY = "libc++";
				CLANG_ENABLE_MODULES = YES;
				CLANG_ENABLE_OBJC_ARC = YES;
				CLANG_ENABLE_OBJC_WEAK = YES;
				CLANG_WARN_BLOCK_CAPTURE_AUTORELEASING = YES;
				CLANG_WARN_BOOL_CONVERSION = YES;
				CLANG_WARN_COMMA = YES;
				CLANG_WARN_CONSTANT_CONVERSION = YES;
				CLANG_WARN_DEPRECATED_OBJC_IMPLEMENTATIONS = YES;
				CLANG_WARN_DIRECT_OBJC_ISA_USAGE = YES_ERROR;
				CLANG_WARN_DOCUMENTATION_COMMENTS = YES;
				CLANG_WARN_EMPTY_BODY = YES;
				CLANG_WARN_ENUM_CONVERSION = YES;
				CLANG_WARN_INFINITE_RECURSION = YES;
				CLANG_WARN_INT_CONVERSION = YES;
				CLANG_WARN_NON_LITERAL_NULL_CONVERSION = YES;
				CLANG_WARN_OBJC_IMPLICIT_RETAIN_SELF = YES;
				CLANG_WARN_OBJC_LITERAL_CONVERSION = YES;
				CLANG_WARN_OBJC_ROOT_CLASS = YES_ERROR;
				CLANG_WARN_QUOTED_INCLUDE_IN_FRAMEWORK_HEADER = YES;
				CLANG_WARN_RANGE_LOOP_ANALYSIS = YES;
				CLANG_WARN_STRICT_PROTOTYPES = YES;
				CLANG_WARN_SUSPICIOUS_MOVE = YES;
				CLANG_WARN_UNGUARDED_AVAILABILITY = YES_AGGRESSIVE;
				CLANG_WARN_UNREACHABLE_CODE = YES;
				CLANG_WARN__DUPLICATE_METHOD_MATCH = YES;
				COPY_PHASE_STRIP = NO;
				DEBUG_INFORMATION_FORMAT = "dwarf-with-dsym";
				ENABLE_NS_ASSERTIONS = NO;
				ENABLE_STRICT_OBJC_MSGSEND = YES;
				GCC_C_LANGUAGE_STANDARD = gnu11;
				GCC_NO_COMMON_BLOCKS = YES;
				GCC_WARN_64_TO_32_BIT_CONVERSION = YES;
				GCC_WARN_ABOUT_RETURN_TYPE = YES_ERROR;
				GCC_WARN_UNDECLARED_SELECTOR = YES;
				GCC_WARN_UNINITIALIZED_AUTOS = YES_AGGRESSIVE;
				GCC_WARN_UNUSED_FUNCTION = YES;
				GCC_WARN_UNUSED_VARIABLE = YES;
				IPHONEOS_DEPLOYMENT_TARGET = 14.0;
				MTL_ENABLE_DEBUG_INFO = NO;
				MTL_FAST_MATH = YES;
				SDKROOT = iphoneos;
				SWIFT_COMPILATION_MODE = wholemodule;
				SWIFT_OPTIMIZATION_LEVEL = "-O";
				VALIDATE_PRODUCT = YES;
			};
			name = Release;
		};
		D937E3322587AA7E0079575B /* Debug */ = {
			isa = XCBuildConfiguration;
			buildSettings = {
				ASSETCATALOG_COMPILER_APPICON_NAME = AppIcon;
				ASSETCATALOG_COMPILER_GLOBAL_ACCENT_COLOR_NAME = AccentColor;
				CODE_SIGN_STYLE = Automatic;
				DEVELOPMENT_TEAM = B4LAA475FW;
				INFOPLIST_FILE = Homework2/Info.plist;
				LD_RUNPATH_SEARCH_PATHS = (
					"$(inherited)",
					"@executable_path/Frameworks",
				);
				PRODUCT_BUNDLE_IDENTIFIER = com.Alexandr.Homework2;
				PRODUCT_NAME = "$(TARGET_NAME)";
				SWIFT_VERSION = 5.0;
				TARGETED_DEVICE_FAMILY = "1,2";
			};
			name = Debug;
		};
		D937E3332587AA7E0079575B /* Release */ = {
			isa = XCBuildConfiguration;
			buildSettings = {
				ASSETCATALOG_COMPILER_APPICON_NAME = AppIcon;
				ASSETCATALOG_COMPILER_GLOBAL_ACCENT_COLOR_NAME = AccentColor;
				CODE_SIGN_STYLE = Automatic;
				DEVELOPMENT_TEAM = B4LAA475FW;
				INFOPLIST_FILE = Homework2/Info.plist;
				LD_RUNPATH_SEARCH_PATHS = (
					"$(inherited)",
					"@executable_path/Frameworks",
				);
				PRODUCT_BUNDLE_IDENTIFIER = com.Alexandr.Homework2;
				PRODUCT_NAME = "$(TARGET_NAME)";
				SWIFT_VERSION = 5.0;
				TARGETED_DEVICE_FAMILY = "1,2";
			};
			name = Release;
		};
/* End XCBuildConfiguration section */

/* Begin XCConfigurationList section */
		D937E3182587AA7D0079575B /* Build configuration list for PBXProject "Homework2" */ = {
			isa = XCConfigurationList;
			buildConfigurations = (
				D937E32F2587AA7E0079575B /* Debug */,
				D937E3302587AA7E0079575B /* Release */,
			);
			defaultConfigurationIsVisible = 0;
			defaultConfigurationName = Release;
		};
		D937E3312587AA7E0079575B /* Build configuration list for PBXNativeTarget "Homework2" */ = {
			isa = XCConfigurationList;
			buildConfigurations = (
				D937E3322587AA7E0079575B /* Debug */,
				D937E3332587AA7E0079575B /* Release */,
			);
			defaultConfigurationIsVisible = 0;
			defaultConfigurationName = Release;
		};
/* End XCConfigurationList section */
	};
	rootObject = D937E3152587AA7D0079575B /* Project object */;
}
